{
  "name": "common-credo-wallet-pwa",
  "version": "0.1.0",
  "lockfileVersion": 3,
  "requires": true,
  "packages": {
    "": {
      "name": "common-credo-wallet-pwa",
      "version": "0.1.0",
      "license": "AGPL-3.0",
      "dependencies": {
        "common-credo-core": "file:../core"
      },
      "devDependencies": {
        "fake-indexeddb": "^6.0.0"
      }
    },
    "../core": {
      "name": "common-credo-core",
      "version": "0.1.0",
      "license": "Apache-2.0",
      "dependencies": {
        "nostr-tools": "^2.10.4"
      }
    },
    "node_modules/common-credo-core": {
      "resolved": "../core",
      "link": true
    },
    "node_modules/fake-indexeddb": {
      "version": "6.2.5",
      "resolved": "https://registry.npmjs.org/fake-indexeddb/-/fake-indexeddb-6.2.5.tgz",
      "integrity": "sha512-CGnyrvbhPlWYMngksqrSSUT1BAVP49dZocrHuK0SvtR0D5TMs5wP0o3j7jexDJW01KSadjBp1M/71o/KR3nD1w==",
      "dev": true,
      "license": "Apache-2.0",
      "engines": {
        "node": ">=18"
      }
    }
  }
}
